
Microsoft Visual Studio Solution File, Format Version 12.00
# Visual Studio Version 16
VisualStudioVersion = 16.0.30523.141
MinimumVisualStudioVersion = 10.0.40219.1
Project("{FAE04EC0-301F-11D3-BF4B-00C04F79EFBC}") = "TickTackToe", "TickTackToe\TickTackToe.csproj", "{AFB53201-FFE3-4878-99C4-DF55B1D6BC44}"
EndProject
Global
	GlobalSection(SolutionConfigurationPlatforms) = preSolution
		Debug|Any CPU = Debug|Any CPU
		Release|Any CPU = Release|Any CPU
	EndGlobalSection
	GlobalSection(ProjectConfigurationPlatforms) = postSolution
		{AFB53201-FFE3-4878-99C4-DF55B1D6BC44}.Debug|Any CPU.ActiveCfg = Debug|Any CPU
		{AFB53201-FFE3-4878-99C4-DF55B1D6BC44}.Debug|Any CPU.Build.0 = Debug|Any CPU
		{AFB53201-FFE3-4878-99C4-DF55B1D6BC44}.Release|Any CPU.ActiveCfg = Release|Any CPU
		{AFB53201-FFE3-4878-99C4-DF55B1D6BC44}.Release|Any CPU.Build.0 = Release|Any CPU
	EndGlobalSection
	GlobalSection(SolutionProperties) = preSolution
		HideSolutionNode = FALSE
	EndGlobalSection
	GlobalSection(ExtensibilityGlobals) = postSolution
		SolutionGuid = {5DF9CD03-7AAF-4871-A219-9F42ED954615}
	EndGlobalSection
EndGlobal
